
Microsoft Visual Studio Solution File, Format Version 12.00
# Visual Studio 15
VisualStudioVersion = 15.0.26124.0
MinimumVisualStudioVersion = 15.0.26124.0
Project("{FAE04EC0-301F-11D3-BF4B-00C04F79EFBC}") = "ArraysAndStrings", "ArraysAndStrings\ArraysAndStrings.csproj", "{4AAA9478-649A-4C16-9656-F453D9B89DF5}"
EndProject
Project("{FAE04EC0-301F-11D3-BF4B-00C04F79EFBC}") = "EventBus.App", "EventBus.App\EventBus.App.csproj", "{2050BC1F-17A1-4D13-A13B-5A53A0AF1B26}"
EndProject
Project("{FAE04EC0-301F-11D3-BF4B-00C04F79EFBC}") = "IsCircularList", "IsCircularList\IsCircularList.csproj", "{6050338A-F07C-4888-95A9-7DBB85DBEB4A}"
EndProject
Project("{FAE04EC0-301F-11D3-BF4B-00C04F79EFBC}") = "IsListsIntersects", "IsListsIntersects\IsListsIntersects.csproj", "{F901D135-1CA1-4B23-9A6E-5465047F5DA6}"
EndProject
Project("{FAE04EC0-301F-11D3-BF4B-00C04F79EFBC}") = "LogWrapper", "LogWrapper\LogWrapper.csproj", "{3D642A6D-C913-413B-9C1D-DF195907FD49}"
EndProject
Project("{FAE04EC0-301F-11D3-BF4B-00C04F79EFBC}") = "MostResentlyUsedRepository.App", "MostResentlyUsedRepository.App\MostResentlyUsedRepository.App.csproj", "{B0D31A9E-5B84-4C09-8AAD-6B6030E838C7}"
EndProject
Project("{FAE04EC0-301F-11D3-BF4B-00C04F79EFBC}") = "PrintNumbersAsString", "PrintNumbersAsString\PrintNumbersAsString.csproj", "{2ABA1384-3048-40F5-8D0B-CE355838E477}"
EndProject
Project("{FAE04EC0-301F-11D3-BF4B-00C04F79EFBC}") = "ProducerConsumerQueue", "ProducerConsumerQueue\ProducerConsumerQueue.csproj", "{A3120272-D130-4C85-8BDC-FE4DD673F136}"
EndProject
Project("{FAE04EC0-301F-11D3-BF4B-00C04F79EFBC}") = "ReflectionPrinter", "ReflectionPrinter\ReflectionPrinter.csproj", "{C4170C13-7F5C-4FC5-841D-EF268BE105EE}"
EndProject
Project("{FAE04EC0-301F-11D3-BF4B-00C04F79EFBC}") = "SubDirectoryFinder", "SubDirectoryFinder\SubDirectoryFinder.csproj", "{7FF22D28-A3FF-4093-AB0A-072FAD51F1E2}"
EndProject
Project("{FAE04EC0-301F-11D3-BF4B-00C04F79EFBC}") = "TaskWhenAllOrFail.App", "TaskWhenAllOrFail.App\TaskWhenAllOrFail.App.csproj", "{07A4C493-2480-4747-90FC-41596992593E}"
EndProject
Project("{FAE04EC0-301F-11D3-BF4B-00C04F79EFBC}") = "TimerWrraper", "TimerWrraper\TimerWrraper.csproj", "{E13C987B-3A8C-4975-B863-3F8487B58F27}"
EndProject
Global
	GlobalSection(SolutionConfigurationPlatforms) = preSolution
		Debug|Any CPU = Debug|Any CPU
		Debug|x64 = Debug|x64
		Debug|x86 = Debug|x86
		Release|Any CPU = Release|Any CPU
		Release|x64 = Release|x64
		Release|x86 = Release|x86
	EndGlobalSection
	GlobalSection(SolutionProperties) = preSolution
		HideSolutionNode = FALSE
	EndGlobalSection
	GlobalSection(ProjectConfigurationPlatforms) = postSolution
		{4AAA9478-649A-4C16-9656-F453D9B89DF5}.Debug|Any CPU.ActiveCfg = Debug|Any CPU
		{4AAA9478-649A-4C16-9656-F453D9B89DF5}.Debug|Any CPU.Build.0 = Debug|Any CPU
		{4AAA9478-649A-4C16-9656-F453D9B89DF5}.Debug|x64.ActiveCfg = Debug|x64
		{4AAA9478-649A-4C16-9656-F453D9B89DF5}.Debug|x64.Build.0 = Debug|x64
		{4AAA9478-649A-4C16-9656-F453D9B89DF5}.Debug|x86.ActiveCfg = Debug|x86
		{4AAA9478-649A-4C16-9656-F453D9B89DF5}.Debug|x86.Build.0 = Debug|x86
		{4AAA9478-649A-4C16-9656-F453D9B89DF5}.Release|Any CPU.ActiveCfg = Release|Any CPU
		{4AAA9478-649A-4C16-9656-F453D9B89DF5}.Release|Any CPU.Build.0 = Release|Any CPU
		{4AAA9478-649A-4C16-9656-F453D9B89DF5}.Release|x64.ActiveCfg = Release|x64
		{4AAA9478-649A-4C16-9656-F453D9B89DF5}.Release|x64.Build.0 = Release|x64
		{4AAA9478-649A-4C16-9656-F453D9B89DF5}.Release|x86.ActiveCfg = Release|x86
		{4AAA9478-649A-4C16-9656-F453D9B89DF5}.Release|x86.Build.0 = Release|x86
		{2050BC1F-17A1-4D13-A13B-5A53A0AF1B26}.Debug|Any CPU.ActiveCfg = Debug|Any CPU
		{2050BC1F-17A1-4D13-A13B-5A53A0AF1B26}.Debug|Any CPU.Build.0 = Debug|Any CPU
		{2050BC1F-17A1-4D13-A13B-5A53A0AF1B26}.Debug|x64.ActiveCfg = Debug|x64
		{2050BC1F-17A1-4D13-A13B-5A53A0AF1B26}.Debug|x64.Build.0 = Debug|x64
		{2050BC1F-17A1-4D13-A13B-5A53A0AF1B26}.Debug|x86.ActiveCfg = Debug|x86
		{2050BC1F-17A1-4D13-A13B-5A53A0AF1B26}.Debug|x86.Build.0 = Debug|x86
		{2050BC1F-17A1-4D13-A13B-5A53A0AF1B26}.Release|Any CPU.ActiveCfg = Release|Any CPU
		{2050BC1F-17A1-4D13-A13B-5A53A0AF1B26}.Release|Any CPU.Build.0 = Release|Any CPU
		{2050BC1F-17A1-4D13-A13B-5A53A0AF1B26}.Release|x64.ActiveCfg = Release|x64
		{2050BC1F-17A1-4D13-A13B-5A53A0AF1B26}.Release|x64.Build.0 = Release|x64
		{2050BC1F-17A1-4D13-A13B-5A53A0AF1B26}.Release|x86.ActiveCfg = Release|x86
		{2050BC1F-17A1-4D13-A13B-5A53A0AF1B26}.Release|x86.Build.0 = Release|x86
		{6050338A-F07C-4888-95A9-7DBB85DBEB4A}.Debug|Any CPU.ActiveCfg = Debug|Any CPU
		{6050338A-F07C-4888-95A9-7DBB85DBEB4A}.Debug|Any CPU.Build.0 = Debug|Any CPU
		{6050338A-F07C-4888-95A9-7DBB85DBEB4A}.Debug|x64.ActiveCfg = Debug|x64
		{6050338A-F07C-4888-95A9-7DBB85DBEB4A}.Debug|x64.Build.0 = Debug|x64
		{6050338A-F07C-4888-95A9-7DBB85DBEB4A}.Debug|x86.ActiveCfg = Debug|x86
		{6050338A-F07C-4888-95A9-7DBB85DBEB4A}.Debug|x86.Build.0 = Debug|x86
		{6050338A-F07C-4888-95A9-7DBB85DBEB4A}.Release|Any CPU.ActiveCfg = Release|Any CPU
		{6050338A-F07C-4888-95A9-7DBB85DBEB4A}.Release|Any CPU.Build.0 = Release|Any CPU
		{6050338A-F07C-4888-95A9-7DBB85DBEB4A}.Release|x64.ActiveCfg = Release|x64
		{6050338A-F07C-4888-95A9-7DBB85DBEB4A}.Release|x64.Build.0 = Release|x64
		{6050338A-F07C-4888-95A9-7DBB85DBEB4A}.Release|x86.ActiveCfg = Release|x86
		{6050338A-F07C-4888-95A9-7DBB85DBEB4A}.Release|x86.Build.0 = Release|x86
		{F901D135-1CA1-4B23-9A6E-5465047F5DA6}.Debug|Any CPU.ActiveCfg = Debug|Any CPU
		{F901D135-1CA1-4B23-9A6E-5465047F5DA6}.Debug|Any CPU.Build.0 = Debug|Any CPU
		{F901D135-1CA1-4B23-9A6E-5465047F5DA6}.Debug|x64.ActiveCfg = Debug|x64
		{F901D135-1CA1-4B23-9A6E-5465047F5DA6}.Debug|x64.Build.0 = Debug|x64
		{F901D135-1CA1-4B23-9A6E-5465047F5DA6}.Debug|x86.ActiveCfg = Debug|x86
		{F901D135-1CA1-4B23-9A6E-5465047F5DA6}.Debug|x86.Build.0 = Debug|x86
		{F901D135-1CA1-4B23-9A6E-5465047F5DA6}.Release|Any CPU.ActiveCfg = Release|Any CPU
		{F901D135-1CA1-4B23-9A6E-5465047F5DA6}.Release|Any CPU.Build.0 = Release|Any CPU
		{F901D135-1CA1-4B23-9A6E-5465047F5DA6}.Release|x64.ActiveCfg = Release|x64
		{F901D135-1CA1-4B23-9A6E-5465047F5DA6}.Release|x64.Build.0 = Release|x64
		{F901D135-1CA1-4B23-9A6E-5465047F5DA6}.Release|x86.ActiveCfg = Release|x86
		{F901D135-1CA1-4B23-9A6E-5465047F5DA6}.Release|x86.Build.0 = Release|x86
		{3D642A6D-C913-413B-9C1D-DF195907FD49}.Debug|Any CPU.ActiveCfg = Debug|Any CPU
		{3D642A6D-C913-413B-9C1D-DF195907FD49}.Debug|Any CPU.Build.0 = Debug|Any CPU
		{3D642A6D-C913-413B-9C1D-DF195907FD49}.Debug|x64.ActiveCfg = Debug|x64
		{3D642A6D-C913-413B-9C1D-DF195907FD49}.Debug|x64.Build.0 = Debug|x64
		{3D642A6D-C913-413B-9C1D-DF195907FD49}.Debug|x86.ActiveCfg = Debug|x86
		{3D642A6D-C913-413B-9C1D-DF195907FD49}.Debug|x86.Build.0 = Debug|x86
		{3D642A6D-C913-413B-9C1D-DF195907FD49}.Release|Any CPU.ActiveCfg = Release|Any CPU
		{3D642A6D-C913-413B-9C1D-DF195907FD49}.Release|Any CPU.Build.0 = Release|Any CPU
		{3D642A6D-C913-413B-9C1D-DF195907FD49}.Release|x64.ActiveCfg = Release|x64
		{3D642A6D-C913-413B-9C1D-DF195907FD49}.Release|x64.Build.0 = Release|x64
		{3D642A6D-C913-413B-9C1D-DF195907FD49}.Release|x86.ActiveCfg = Release|x86
		{3D642A6D-C913-413B-9C1D-DF195907FD49}.Release|x86.Build.0 = Release|x86
		{B0D31A9E-5B84-4C09-8AAD-6B6030E838C7}.Debug|Any CPU.ActiveCfg = Debug|Any CPU
		{B0D31A9E-5B84-4C09-8AAD-6B6030E838C7}.Debug|Any CPU.Build.0 = Debug|Any CPU
		{B0D31A9E-5B84-4C09-8AAD-6B6030E838C7}.Debug|x64.ActiveCfg = Debug|x64
		{B0D31A9E-5B84-4C09-8AAD-6B6030E838C7}.Debug|x64.Build.0 = Debug|x64
		{B0D31A9E-5B84-4C09-8AAD-6B6030E838C7}.Debug|x86.ActiveCfg = Debug|x86
		{B0D31A9E-5B84-4C09-8AAD-6B6030E838C7}.Debug|x86.Build.0 = Debug|x86
		{B0D31A9E-5B84-4C09-8AAD-6B6030E838C7}.Release|Any CPU.ActiveCfg = Release|Any CPU
		{B0D31A9E-5B84-4C09-8AAD-6B6030E838C7}.Release|Any CPU.Build.0 = Release|Any CPU
		{B0D31A9E-5B84-4C09-8AAD-6B6030E838C7}.Release|x64.ActiveCfg = Release|x64
		{B0D31A9E-5B84-4C09-8AAD-6B6030E838C7}.Release|x64.Build.0 = Release|x64
		{B0D31A9E-5B84-4C09-8AAD-6B6030E838C7}.Release|x86.ActiveCfg = Release|x86
		{B0D31A9E-5B84-4C09-8AAD-6B6030E838C7}.Release|x86.Build.0 = Release|x86
		{2ABA1384-3048-40F5-8D0B-CE355838E477}.Debug|Any CPU.ActiveCfg = Debug|Any CPU
		{2ABA1384-3048-40F5-8D0B-CE355838E477}.Debug|Any CPU.Build.0 = Debug|Any CPU
		{2ABA1384-3048-40F5-8D0B-CE355838E477}.Debug|x64.ActiveCfg = Debug|x64
		{2ABA1384-3048-40F5-8D0B-CE355838E477}.Debug|x64.Build.0 = Debug|x64
		{2ABA1384-3048-40F5-8D0B-CE355838E477}.Debug|x86.ActiveCfg = Debug|x86
		{2ABA1384-3048-40F5-8D0B-CE355838E477}.Debug|x86.Build.0 = Debug|x86
		{2ABA1384-3048-40F5-8D0B-CE355838E477}.Release|Any CPU.ActiveCfg = Release|Any CPU
		{2ABA1384-3048-40F5-8D0B-CE355838E477}.Release|Any CPU.Build.0 = Release|Any CPU
		{2ABA1384-3048-40F5-8D0B-CE355838E477}.Release|x64.ActiveCfg = Release|x64
		{2ABA1384-3048-40F5-8D0B-CE355838E477}.Release|x64.Build.0 = Release|x64
		{2ABA1384-3048-40F5-8D0B-CE355838E477}.Release|x86.ActiveCfg = Release|x86
		{2ABA1384-3048-40F5-8D0B-CE355838E477}.Release|x86.Build.0 = Release|x86
		{A3120272-D130-4C85-8BDC-FE4DD673F136}.Debug|Any CPU.ActiveCfg = Debug|Any CPU
		{A3120272-D130-4C85-8BDC-FE4DD673F136}.Debug|Any CPU.Build.0 = Debug|Any CPU
		{A3120272-D130-4C85-8BDC-FE4DD673F136}.Debug|x64.ActiveCfg = Debug|x64
		{A3120272-D130-4C85-8BDC-FE4DD673F136}.Debug|x64.Build.0 = Debug|x64
		{A3120272-D130-4C85-8BDC-FE4DD673F136}.Debug|x86.ActiveCfg = Debug|x86
		{A3120272-D130-4C85-8BDC-FE4DD673F136}.Debug|x86.Build.0 = Debug|x86
		{A3120272-D130-4C85-8BDC-FE4DD673F136}.Release|Any CPU.ActiveCfg = Release|Any CPU
		{A3120272-D130-4C85-8BDC-FE4DD673F136}.Release|Any CPU.Build.0 = Release|Any CPU
		{A3120272-D130-4C85-8BDC-FE4DD673F136}.Release|x64.ActiveCfg = Release|x64
		{A3120272-D130-4C85-8BDC-FE4DD673F136}.Release|x64.Build.0 = Release|x64
		{A3120272-D130-4C85-8BDC-FE4DD673F136}.Release|x86.ActiveCfg = Release|x86
		{A3120272-D130-4C85-8BDC-FE4DD673F136}.Release|x86.Build.0 = Release|x86
		{C4170C13-7F5C-4FC5-841D-EF268BE105EE}.Debug|Any CPU.ActiveCfg = Debug|Any CPU
		{C4170C13-7F5C-4FC5-841D-EF268BE105EE}.Debug|Any CPU.Build.0 = Debug|Any CPU
		{C4170C13-7F5C-4FC5-841D-EF268BE105EE}.Debug|x64.ActiveCfg = Debug|x64
		{C4170C13-7F5C-4FC5-841D-EF268BE105EE}.Debug|x64.Build.0 = Debug|x64
		{C4170C13-7F5C-4FC5-841D-EF268BE105EE}.Debug|x86.ActiveCfg = Debug|x86
		{C4170C13-7F5C-4FC5-841D-EF268BE105EE}.Debug|x86.Build.0 = Debug|x86
		{C4170C13-7F5C-4FC5-841D-EF268BE105EE}.Release|Any CPU.ActiveCfg = Release|Any CPU
		{C4170C13-7F5C-4FC5-841D-EF268BE105EE}.Release|Any CPU.Build.0 = Release|Any CPU
		{C4170C13-7F5C-4FC5-841D-EF268BE105EE}.Release|x64.ActiveCfg = Release|x64
		{C4170C13-7F5C-4FC5-841D-EF268BE105EE}.Release|x64.Build.0 = Release|x64
		{C4170C13-7F5C-4FC5-841D-EF268BE105EE}.Release|x86.ActiveCfg = Release|x86
		{C4170C13-7F5C-4FC5-841D-EF268BE105EE}.Release|x86.Build.0 = Release|x86
		{7FF22D28-A3FF-4093-AB0A-072FAD51F1E2}.Debug|Any CPU.ActiveCfg = Debug|Any CPU
		{7FF22D28-A3FF-4093-AB0A-072FAD51F1E2}.Debug|Any CPU.Build.0 = Debug|Any CPU
		{7FF22D28-A3FF-4093-AB0A-072FAD51F1E2}.Debug|x64.ActiveCfg = Debug|x64
		{7FF22D28-A3FF-4093-AB0A-072FAD51F1E2}.Debug|x64.Build.0 = Debug|x64
		{7FF22D28-A3FF-4093-AB0A-072FAD51F1E2}.Debug|x86.ActiveCfg = Debug|x86
		{7FF22D28-A3FF-4093-AB0A-072FAD51F1E2}.Debug|x86.Build.0 = Debug|x86
		{7FF22D28-A3FF-4093-AB0A-072FAD51F1E2}.Release|Any CPU.ActiveCfg = Release|Any CPU
		{7FF22D28-A3FF-4093-AB0A-072FAD51F1E2}.Release|Any CPU.Build.0 = Release|Any CPU
		{7FF22D28-A3FF-4093-AB0A-072FAD51F1E2}.Release|x64.ActiveCfg = Release|x64
		{7FF22D28-A3FF-4093-AB0A-072FAD51F1E2}.Release|x64.Build.0 = Release|x64
		{7FF22D28-A3FF-4093-AB0A-072FAD51F1E2}.Release|x86.ActiveCfg = Release|x86
		{7FF22D28-A3FF-4093-AB0A-072FAD51F1E2}.Release|x86.Build.0 = Release|x86
		{07A4C493-2480-4747-90FC-41596992593E}.Debug|Any CPU.ActiveCfg = Debug|Any CPU
		{07A4C493-2480-4747-90FC-41596992593E}.Debug|Any CPU.Build.0 = Debug|Any CPU
		{07A4C493-2480-4747-90FC-41596992593E}.Debug|x64.ActiveCfg = Debug|x64
		{07A4C493-2480-4747-90FC-41596992593E}.Debug|x64.Build.0 = Debug|x64
		{07A4C493-2480-4747-90FC-41596992593E}.Debug|x86.ActiveCfg = Debug|x86
		{07A4C493-2480-4747-90FC-41596992593E}.Debug|x86.Build.0 = Debug|x86
		{07A4C493-2480-4747-90FC-41596992593E}.Release|Any CPU.ActiveCfg = Release|Any CPU
		{07A4C493-2480-4747-90FC-41596992593E}.Release|Any CPU.Build.0 = Release|Any CPU
		{07A4C493-2480-4747-90FC-41596992593E}.Release|x64.ActiveCfg = Release|x64
		{07A4C493-2480-4747-90FC-41596992593E}.Release|x64.Build.0 = Release|x64
		{07A4C493-2480-4747-90FC-41596992593E}.Release|x86.ActiveCfg = Release|x86
		{07A4C493-2480-4747-90FC-41596992593E}.Release|x86.Build.0 = Release|x86
		{E13C987B-3A8C-4975-B863-3F8487B58F27}.Debug|Any CPU.ActiveCfg = Debug|Any CPU
		{E13C987B-3A8C-4975-B863-3F8487B58F27}.Debug|Any CPU.Build.0 = Debug|Any CPU
		{E13C987B-3A8C-4975-B863-3F8487B58F27}.Debug|x64.ActiveCfg = Debug|x64
		{E13C987B-3A8C-4975-B863-3F8487B58F27}.Debug|x64.Build.0 = Debug|x64
		{E13C987B-3A8C-4975-B863-3F8487B58F27}.Debug|x86.ActiveCfg = Debug|x86
		{E13C987B-3A8C-4975-B863-3F8487B58F27}.Debug|x86.Build.0 = Debug|x86
		{E13C987B-3A8C-4975-B863-3F8487B58F27}.Release|Any CPU.ActiveCfg = Release|Any CPU
		{E13C987B-3A8C-4975-B863-3F8487B58F27}.Release|Any CPU.Build.0 = Release|Any CPU
		{E13C987B-3A8C-4975-B863-3F8487B58F27}.Release|x64.ActiveCfg = Release|x64
		{E13C987B-3A8C-4975-B863-3F8487B58F27}.Release|x64.Build.0 = Release|x64
		{E13C987B-3A8C-4975-B863-3F8487B58F27}.Release|x86.ActiveCfg = Release|x86
		{E13C987B-3A8C-4975-B863-3F8487B58F27}.Release|x86.Build.0 = Release|x86
	EndGlobalSection
EndGlobal
