
Microsoft Visual Studio Solution File, Format Version 12.00
# Visual Studio 14
VisualStudioVersion = 14.0.25420.1
MinimumVisualStudioVersion = 10.0.40219.1
Project("{FAE04EC0-301F-11D3-BF4B-00C04F79EFBC}") = "MostResentlyUsedRepository.App", "MostResentlyUsedRepository.App\MostResentlyUsedRepository.App.csproj", "{4187BD84-2850-415F-A221-7FBDF2DB30F3}"
EndProject
Project("{FAE04EC0-301F-11D3-BF4B-00C04F79EFBC}") = "TimerWrapper", "TimerWrraper\TimerWrapper.csproj", "{9C79533F-C92F-4D35-97A0-C43D7C5C17B1}"
EndProject
Project("{FAE04EC0-301F-11D3-BF4B-00C04F79EFBC}") = "LogWrapper", "LogWrapper\LogWrapper.csproj", "{A77F04B7-52A5-4ABE-8C11-C22AE100D3B7}"
EndProject
Project("{FAE04EC0-301F-11D3-BF4B-00C04F79EFBC}") = "ProducerConsumerQueue", "ProducerConsumerQueue\ProducerConsumerQueue.csproj", "{F8F0B2CD-7443-48A6-9F5A-6FEF75705552}"
EndProject
Project("{FAE04EC0-301F-11D3-BF4B-00C04F79EFBC}") = "EventBus.App", "EventBus.App\EventBus.App.csproj", "{2050BC1F-17A1-4D13-A13B-5A53A0AF1B26}"
EndProject
Project("{FAE04EC0-301F-11D3-BF4B-00C04F79EFBC}") = "TaskWhenAllOrFail.App", "TaskWhenAllOrFail.App\TaskWhenAllOrFail.App.csproj", "{999F67F3-4EBE-4728-9D2E-F345DD12BABC}"
EndProject
Project("{FAE04EC0-301F-11D3-BF4B-00C04F79EFBC}") = "SubDirectoryFinder", "SubDirectoryFinder\SubDirectoryFinder.csproj", "{94B8692A-DB14-483E-A60B-B9306A10F345}"
EndProject
Project("{FAE04EC0-301F-11D3-BF4B-00C04F79EFBC}") = "ReflectionPrinter", "ReflectionPrinter\ReflectionPrinter.csproj", "{81251277-D8AC-45A7-80DB-0740460CF758}"
EndProject
Project("{FAE04EC0-301F-11D3-BF4B-00C04F79EFBC}") = "IsCircularList", "IsCircularList\IsCircularList.csproj", "{3C305030-8980-45B5-A6F5-1E0D02AE8C1F}"
EndProject
Project("{FAE04EC0-301F-11D3-BF4B-00C04F79EFBC}") = "IsListsIntersects", "IsListsIntersects\IsListsIntersects.csproj", "{2D658867-46D1-4C5E-AA21-AB93AE066579}"
EndProject
Global
	GlobalSection(SolutionConfigurationPlatforms) = preSolution
		Debug|Any CPU = Debug|Any CPU
		Release|Any CPU = Release|Any CPU
	EndGlobalSection
	GlobalSection(ProjectConfigurationPlatforms) = postSolution
		{4187BD84-2850-415F-A221-7FBDF2DB30F3}.Debug|Any CPU.ActiveCfg = Debug|Any CPU
		{4187BD84-2850-415F-A221-7FBDF2DB30F3}.Debug|Any CPU.Build.0 = Debug|Any CPU
		{4187BD84-2850-415F-A221-7FBDF2DB30F3}.Release|Any CPU.ActiveCfg = Release|Any CPU
		{4187BD84-2850-415F-A221-7FBDF2DB30F3}.Release|Any CPU.Build.0 = Release|Any CPU
		{9C79533F-C92F-4D35-97A0-C43D7C5C17B1}.Debug|Any CPU.ActiveCfg = Debug|Any CPU
		{9C79533F-C92F-4D35-97A0-C43D7C5C17B1}.Debug|Any CPU.Build.0 = Debug|Any CPU
		{9C79533F-C92F-4D35-97A0-C43D7C5C17B1}.Release|Any CPU.ActiveCfg = Release|Any CPU
		{9C79533F-C92F-4D35-97A0-C43D7C5C17B1}.Release|Any CPU.Build.0 = Release|Any CPU
		{A77F04B7-52A5-4ABE-8C11-C22AE100D3B7}.Debug|Any CPU.ActiveCfg = Debug|Any CPU
		{A77F04B7-52A5-4ABE-8C11-C22AE100D3B7}.Debug|Any CPU.Build.0 = Debug|Any CPU
		{A77F04B7-52A5-4ABE-8C11-C22AE100D3B7}.Release|Any CPU.ActiveCfg = Release|Any CPU
		{A77F04B7-52A5-4ABE-8C11-C22AE100D3B7}.Release|Any CPU.Build.0 = Release|Any CPU
		{F8F0B2CD-7443-48A6-9F5A-6FEF75705552}.Debug|Any CPU.ActiveCfg = Debug|Any CPU
		{F8F0B2CD-7443-48A6-9F5A-6FEF75705552}.Debug|Any CPU.Build.0 = Debug|Any CPU
		{F8F0B2CD-7443-48A6-9F5A-6FEF75705552}.Release|Any CPU.ActiveCfg = Release|Any CPU
		{F8F0B2CD-7443-48A6-9F5A-6FEF75705552}.Release|Any CPU.Build.0 = Release|Any CPU
		{2050BC1F-17A1-4D13-A13B-5A53A0AF1B26}.Debug|Any CPU.ActiveCfg = Debug|Any CPU
		{2050BC1F-17A1-4D13-A13B-5A53A0AF1B26}.Debug|Any CPU.Build.0 = Debug|Any CPU
		{2050BC1F-17A1-4D13-A13B-5A53A0AF1B26}.Release|Any CPU.ActiveCfg = Release|Any CPU
		{2050BC1F-17A1-4D13-A13B-5A53A0AF1B26}.Release|Any CPU.Build.0 = Release|Any CPU
		{999F67F3-4EBE-4728-9D2E-F345DD12BABC}.Debug|Any CPU.ActiveCfg = Debug|Any CPU
		{999F67F3-4EBE-4728-9D2E-F345DD12BABC}.Debug|Any CPU.Build.0 = Debug|Any CPU
		{999F67F3-4EBE-4728-9D2E-F345DD12BABC}.Release|Any CPU.ActiveCfg = Release|Any CPU
		{999F67F3-4EBE-4728-9D2E-F345DD12BABC}.Release|Any CPU.Build.0 = Release|Any CPU
		{94B8692A-DB14-483E-A60B-B9306A10F345}.Debug|Any CPU.ActiveCfg = Debug|Any CPU
		{94B8692A-DB14-483E-A60B-B9306A10F345}.Debug|Any CPU.Build.0 = Debug|Any CPU
		{94B8692A-DB14-483E-A60B-B9306A10F345}.Release|Any CPU.ActiveCfg = Release|Any CPU
		{94B8692A-DB14-483E-A60B-B9306A10F345}.Release|Any CPU.Build.0 = Release|Any CPU
		{81251277-D8AC-45A7-80DB-0740460CF758}.Debug|Any CPU.ActiveCfg = Debug|Any CPU
		{81251277-D8AC-45A7-80DB-0740460CF758}.Debug|Any CPU.Build.0 = Debug|Any CPU
		{81251277-D8AC-45A7-80DB-0740460CF758}.Release|Any CPU.ActiveCfg = Release|Any CPU
		{81251277-D8AC-45A7-80DB-0740460CF758}.Release|Any CPU.Build.0 = Release|Any CPU
		{3C305030-8980-45B5-A6F5-1E0D02AE8C1F}.Debug|Any CPU.ActiveCfg = Debug|Any CPU
		{3C305030-8980-45B5-A6F5-1E0D02AE8C1F}.Debug|Any CPU.Build.0 = Debug|Any CPU
		{3C305030-8980-45B5-A6F5-1E0D02AE8C1F}.Release|Any CPU.ActiveCfg = Release|Any CPU
		{3C305030-8980-45B5-A6F5-1E0D02AE8C1F}.Release|Any CPU.Build.0 = Release|Any CPU
		{2D658867-46D1-4C5E-AA21-AB93AE066579}.Debug|Any CPU.ActiveCfg = Debug|Any CPU
		{2D658867-46D1-4C5E-AA21-AB93AE066579}.Debug|Any CPU.Build.0 = Debug|Any CPU
		{2D658867-46D1-4C5E-AA21-AB93AE066579}.Release|Any CPU.ActiveCfg = Release|Any CPU
		{2D658867-46D1-4C5E-AA21-AB93AE066579}.Release|Any CPU.Build.0 = Release|Any CPU
	EndGlobalSection
	GlobalSection(SolutionProperties) = preSolution
		HideSolutionNode = FALSE
	EndGlobalSection
EndGlobal
